
Microsoft Visual Studio Solution File, Format Version 12.00
# Visual Studio Version 17
VisualStudioVersion = 17.1.32228.430
MinimumVisualStudioVersion = 10.0.40219.1
Project("{FAE04EC0-301F-11D3-BF4B-00C04F79EFBC}") = "MVVM.Android", "MVVM\MVVM.Android\MVVM.Android.csproj", "{29650CD6-46A5-477C-BC73-D47FBF50E2E0}"
EndProject
Project("{FAE04EC0-301F-11D3-BF4B-00C04F79EFBC}") = "MVVM.iOS", "MVVM\MVVM.iOS\MVVM.iOS.csproj", "{F8380159-2F45-4B63-9261-D0071462D4F7}"
EndProject
Project("{FAE04EC0-301F-11D3-BF4B-00C04F79EFBC}") = "MVVM", "MVVM\MVVM\MVVM.csproj", "{F44DC916-C3A7-4B16-8EF8-9D7FDA7479AE}"
EndProject
Global
	GlobalSection(SolutionConfigurationPlatforms) = preSolution
		Debug|Any CPU = Debug|Any CPU
		Debug|iPhone = Debug|iPhone
		Debug|iPhoneSimulator = Debug|iPhoneSimulator
		Release|Any CPU = Release|Any CPU
		Release|iPhone = Release|iPhone
		Release|iPhoneSimulator = Release|iPhoneSimulator
	EndGlobalSection
	GlobalSection(ProjectConfigurationPlatforms) = postSolution
		{29650CD6-46A5-477C-BC73-D47FBF50E2E0}.Debug|Any CPU.ActiveCfg = Debug|Any CPU
		{29650CD6-46A5-477C-BC73-D47FBF50E2E0}.Debug|Any CPU.Build.0 = Debug|Any CPU
		{29650CD6-46A5-477C-BC73-D47FBF50E2E0}.Debug|Any CPU.Deploy.0 = Debug|Any CPU
		{29650CD6-46A5-477C-BC73-D47FBF50E2E0}.Debug|iPhone.ActiveCfg = Debug|Any CPU
		{29650CD6-46A5-477C-BC73-D47FBF50E2E0}.Debug|iPhone.Build.0 = Debug|Any CPU
		{29650CD6-46A5-477C-BC73-D47FBF50E2E0}.Debug|iPhone.Deploy.0 = Debug|Any CPU
		{29650CD6-46A5-477C-BC73-D47FBF50E2E0}.Debug|iPhoneSimulator.ActiveCfg = Debug|Any CPU
		{29650CD6-46A5-477C-BC73-D47FBF50E2E0}.Debug|iPhoneSimulator.Build.0 = Debug|Any CPU
		{29650CD6-46A5-477C-BC73-D47FBF50E2E0}.Debug|iPhoneSimulator.Deploy.0 = Debug|Any CPU
		{29650CD6-46A5-477C-BC73-D47FBF50E2E0}.Release|Any CPU.ActiveCfg = Release|Any CPU
		{29650CD6-46A5-477C-BC73-D47FBF50E2E0}.Release|Any CPU.Build.0 = Release|Any CPU
		{29650CD6-46A5-477C-BC73-D47FBF50E2E0}.Release|Any CPU.Deploy.0 = Release|Any CPU
		{29650CD6-46A5-477C-BC73-D47FBF50E2E0}.Release|iPhone.ActiveCfg = Release|Any CPU
		{29650CD6-46A5-477C-BC73-D47FBF50E2E0}.Release|iPhone.Build.0 = Release|Any CPU
		{29650CD6-46A5-477C-BC73-D47FBF50E2E0}.Release|iPhone.Deploy.0 = Release|Any CPU
		{29650CD6-46A5-477C-BC73-D47FBF50E2E0}.Release|iPhoneSimulator.ActiveCfg = Release|Any CPU
		{29650CD6-46A5-477C-BC73-D47FBF50E2E0}.Release|iPhoneSimulator.Build.0 = Release|Any CPU
		{29650CD6-46A5-477C-BC73-D47FBF50E2E0}.Release|iPhoneSimulator.Deploy.0 = Release|Any CPU
		{F8380159-2F45-4B63-9261-D0071462D4F7}.Debug|Any CPU.ActiveCfg = Debug|iPhone
		{F8380159-2F45-4B63-9261-D0071462D4F7}.Debug|Any CPU.Build.0 = Debug|iPhone
		{F8380159-2F45-4B63-9261-D0071462D4F7}.Debug|Any CPU.Deploy.0 = Debug|iPhone
		{F8380159-2F45-4B63-9261-D0071462D4F7}.Debug|iPhone.ActiveCfg = Debug|iPhone
		{F8380159-2F45-4B63-9261-D0071462D4F7}.Debug|iPhone.Build.0 = Debug|iPhone
		{F8380159-2F45-4B63-9261-D0071462D4F7}.Debug|iPhone.Deploy.0 = Debug|iPhone
		{F8380159-2F45-4B63-9261-D0071462D4F7}.Debug|iPhoneSimulator.ActiveCfg = Debug|iPhoneSimulator
		{F8380159-2F45-4B63-9261-D0071462D4F7}.Debug|iPhoneSimulator.Build.0 = Debug|iPhoneSimulator
		{F8380159-2F45-4B63-9261-D0071462D4F7}.Debug|iPhoneSimulator.Deploy.0 = Debug|iPhoneSimulator
		{F8380159-2F45-4B63-9261-D0071462D4F7}.Release|Any CPU.ActiveCfg = Release|iPhoneSimulator
		{F8380159-2F45-4B63-9261-D0071462D4F7}.Release|Any CPU.Build.0 = Release|iPhoneSimulator
		{F8380159-2F45-4B63-9261-D0071462D4F7}.Release|Any CPU.Deploy.0 = Release|iPhoneSimulator
		{F8380159-2F45-4B63-9261-D0071462D4F7}.Release|iPhone.ActiveCfg = Release|iPhone
		{F8380159-2F45-4B63-9261-D0071462D4F7}.Release|iPhone.Build.0 = Release|iPhone
		{F8380159-2F45-4B63-9261-D0071462D4F7}.Release|iPhone.Deploy.0 = Release|iPhone
		{F8380159-2F45-4B63-9261-D0071462D4F7}.Release|iPhoneSimulator.ActiveCfg = Release|iPhoneSimulator
		{F8380159-2F45-4B63-9261-D0071462D4F7}.Release|iPhoneSimulator.Build.0 = Release|iPhoneSimulator
		{F8380159-2F45-4B63-9261-D0071462D4F7}.Release|iPhoneSimulator.Deploy.0 = Release|iPhoneSimulator
		{F44DC916-C3A7-4B16-8EF8-9D7FDA7479AE}.Debug|Any CPU.ActiveCfg = Debug|Any CPU
		{F44DC916-C3A7-4B16-8EF8-9D7FDA7479AE}.Debug|Any CPU.Build.0 = Debug|Any CPU
		{F44DC916-C3A7-4B16-8EF8-9D7FDA7479AE}.Debug|Any CPU.Deploy.0 = Debug|Any CPU
		{F44DC916-C3A7-4B16-8EF8-9D7FDA7479AE}.Debug|iPhone.ActiveCfg = Debug|Any CPU
		{F44DC916-C3A7-4B16-8EF8-9D7FDA7479AE}.Debug|iPhone.Build.0 = Debug|Any CPU
		{F44DC916-C3A7-4B16-8EF8-9D7FDA7479AE}.Debug|iPhone.Deploy.0 = Debug|Any CPU
		{F44DC916-C3A7-4B16-8EF8-9D7FDA7479AE}.Debug|iPhoneSimulator.ActiveCfg = Debug|Any CPU
		{F44DC916-C3A7-4B16-8EF8-9D7FDA7479AE}.Debug|iPhoneSimulator.Build.0 = Debug|Any CPU
		{F44DC916-C3A7-4B16-8EF8-9D7FDA7479AE}.Debug|iPhoneSimulator.Deploy.0 = Debug|Any CPU
		{F44DC916-C3A7-4B16-8EF8-9D7FDA7479AE}.Release|Any CPU.ActiveCfg = Release|Any CPU
		{F44DC916-C3A7-4B16-8EF8-9D7FDA7479AE}.Release|Any CPU.Build.0 = Release|Any CPU
		{F44DC916-C3A7-4B16-8EF8-9D7FDA7479AE}.Release|Any CPU.Deploy.0 = Release|Any CPU
		{F44DC916-C3A7-4B16-8EF8-9D7FDA7479AE}.Release|iPhone.ActiveCfg = Release|Any CPU
		{F44DC916-C3A7-4B16-8EF8-9D7FDA7479AE}.Release|iPhone.Build.0 = Release|Any CPU
		{F44DC916-C3A7-4B16-8EF8-9D7FDA7479AE}.Release|iPhone.Deploy.0 = Release|Any CPU
		{F44DC916-C3A7-4B16-8EF8-9D7FDA7479AE}.Release|iPhoneSimulator.ActiveCfg = Release|Any CPU
		{F44DC916-C3A7-4B16-8EF8-9D7FDA7479AE}.Release|iPhoneSimulator.Build.0 = Release|Any CPU
		{F44DC916-C3A7-4B16-8EF8-9D7FDA7479AE}.Release|iPhoneSimulator.Deploy.0 = Release|Any CPU
	EndGlobalSection
	GlobalSection(SolutionProperties) = preSolution
		HideSolutionNode = FALSE
	EndGlobalSection
	GlobalSection(ExtensibilityGlobals) = postSolution
		SolutionGuid = {6172C1A5-F784-4B61-901C-99C9A0A1829C}
	EndGlobalSection
EndGlobal
